
Microsoft Visual Studio Solution File, Format Version 12.00
# Visual Studio Version 17
VisualStudioVersion = 17.11.35303.130
MinimumVisualStudioVersion = 10.0.40219.1
Project("{2150E333-8FDC-42A3-9474-1A3956D46DE8}") = "Task0", "Task0", "{B991DFE6-983E-4F84-B2C9-2FAC6C7CEB90}"
EndProject
Project("{FAE04EC0-301F-11D3-BF4B-00C04F79EFBC}") = "Tyuiu.LavrinovichED.Sprint4.Task0.V3", "Tyuiu.LavrinovichED.Sprint4.Task0.V3\Tyuiu.LavrinovichED.Sprint4.Task0.V3.csproj", "{D070DBAE-CB78-4B79-B18F-7721684DE407}"
EndProject
Project("{FAE04EC0-301F-11D3-BF4B-00C04F79EFBC}") = "Tyuiu.LavrinovichED.Sprint4.Task0.V3.Lib", "Tyuiu.LavrinovichED.Sprint4.Task0.V3.Lib\Tyuiu.LavrinovichED.Sprint4.Task0.V3.Lib.csproj", "{919DCC92-4229-4569-87B0-949BCD1D6041}"
EndProject
Project("{FAE04EC0-301F-11D3-BF4B-00C04F79EFBC}") = "Tyuiu.LavrinovichED.Sprint4.Task0.V3.Test", "Tyuiu.LavrinovichEd.Sprint4.Task0.V3.Test\Tyuiu.LavrinovichED.Sprint4.Task0.V3.Test.csproj", "{DB283783-F538-4A24-8317-AAE70441946E}"
EndProject
Project("{2150E333-8FDC-42A3-9474-1A3956D46DE8}") = "Task1", "Task1", "{A143D8A0-2D1E-4359-9214-9FF50DAE654D}"
EndProject
Project("{FAE04EC0-301F-11D3-BF4B-00C04F79EFBC}") = "Tyuiu.LavrinovichED.Sprint4.Task1.V24", "Tyuiu.LavrinovichED.Sprint4.Task1.V24\Tyuiu.LavrinovichED.Sprint4.Task1.V24.csproj", "{B275831A-9D97-4999-B755-8B722BA90299}"
EndProject
Project("{FAE04EC0-301F-11D3-BF4B-00C04F79EFBC}") = "Tyuiu.LavrinovichED.Sprint4.Task1.V24.Lib", "Tyuiu.LavrinovichED.Sprint4.Task1.V24.Lib\Tyuiu.LavrinovichED.Sprint4.Task1.V24.Lib.csproj", "{7BF647DE-06A6-4297-AD43-65A2F7A9D367}"
EndProject
Project("{FAE04EC0-301F-11D3-BF4B-00C04F79EFBC}") = "Tyuiu.LavrinovichED.Sprint4.Task1.V24.Test", "Tyuiu.LavrinovichED.Sprint4.Task1.V24.Test\Tyuiu.LavrinovichED.Sprint4.Task1.V24.Test.csproj", "{147BEF23-7530-42FA-98C8-3E1D34345CAD}"
EndProject
Project("{2150E333-8FDC-42A3-9474-1A3956D46DE8}") = "Task2", "Task2", "{98C1D1CC-1188-4FF6-9FC0-4E5F93CA69BD}"
EndProject
Project("{FAE04EC0-301F-11D3-BF4B-00C04F79EFBC}") = "Tyuiu.LavrinovichED.Sprint4.Task2.V8", "Tyuiu.LavrinovichED.Sprint4.Task2.V8\Tyuiu.LavrinovichED.Sprint4.Task2.V8.csproj", "{00D58636-6713-4D3D-B0B9-CF3CAD2821AA}"
EndProject
Project("{FAE04EC0-301F-11D3-BF4B-00C04F79EFBC}") = "Tyuiu.LavrinovichED.Sprint4.Task2.V8.Lib", "Tyuiu.LavrinovichED.Sprint4.Task2.V8.Lib\Tyuiu.LavrinovichED.Sprint4.Task2.V8.Lib.csproj", "{39F9B270-B924-4CF2-8A21-882DBE8C12E4}"
EndProject
Project("{FAE04EC0-301F-11D3-BF4B-00C04F79EFBC}") = "Tyuiu.LavrinovichED.Sprint4.Task2.V8.Test", "Tyuiu.LavrinovichED.Sprint4.Task2.V8.Test\Tyuiu.LavrinovichED.Sprint4.Task2.V8.Test.csproj", "{7F2ADC6E-5CC7-4667-B9FD-EFC2EC3377A2}"
EndProject
Project("{2150E333-8FDC-42A3-9474-1A3956D46DE8}") = "Task3", "Task3", "{F287D5EE-E2C0-4332-978A-9DC4C7A841AA}"
EndProject
Project("{FAE04EC0-301F-11D3-BF4B-00C04F79EFBC}") = "Tyuiu.LavrinovichED.Sprint4.Task3.V18", "Tyuiu.LavrinovichED.Sprint4.Task3.V18\Tyuiu.LavrinovichED.Sprint4.Task3.V18.csproj", "{05EC649E-3B4B-46AE-A1DA-B3D09F17EF09}"
EndProject
Project("{FAE04EC0-301F-11D3-BF4B-00C04F79EFBC}") = "Tyuiu.LavrinovichED.Sprint4.Task3.V18.Lib", "Tyuiu.LavrinovichED.Sprint4.Task3.V18.Lib\Tyuiu.LavrinovichED.Sprint4.Task3.V18.Lib.csproj", "{2F975226-4E3F-44B6-BE0F-56E020E3445E}"
EndProject
Project("{FAE04EC0-301F-11D3-BF4B-00C04F79EFBC}") = "Tyuiu.LavrinovichED.Sprint4.Task3.V18.Test", "Tyuiu.LavrinovichED.Sprint4.Task3.V18.Test\Tyuiu.LavrinovichED.Sprint4.Task3.V18.Test.csproj", "{9BC8BE64-F752-4522-A180-E9B11251B782}"
EndProject
Project("{2150E333-8FDC-42A3-9474-1A3956D46DE8}") = "Task4", "Task4", "{F19C414F-D999-4D26-A3F5-6DC425877DCE}"
EndProject
Project("{FAE04EC0-301F-11D3-BF4B-00C04F79EFBC}") = "Tyuiu.LavrinovichED.Sprint4.Task4.V15", "Tyuiu.LavrinovichED.Sprint4.Task4.V15\Tyuiu.LavrinovichED.Sprint4.Task4.V15.csproj", "{26AB1A28-06D7-4DCE-AD24-DAC3A283FE55}"
EndProject
Project("{FAE04EC0-301F-11D3-BF4B-00C04F79EFBC}") = "Tyuiu.LavrinovichED.Sprint4.Task4.V15.Lib", "Tyuiu.LavrinovichED.Sprint4.Task4.V15.Lib\Tyuiu.LavrinovichED.Sprint4.Task4.V15.Lib.csproj", "{E45A8B3B-A5B3-45B9-B66A-88FB4A3D72CB}"
EndProject
Project("{FAE04EC0-301F-11D3-BF4B-00C04F79EFBC}") = "Tyuiu.LavrinovichED.Sprint4.Task4.V15.Test", "Tyuiu.LavrinovichED.Sprint4.Task4.V15.Test\Tyuiu.LavrinovichED.Sprint4.Task4.V15.Test.csproj", "{FAE33750-7714-4C6B-9CCC-D685DF93F99B}"
EndProject
Project("{2150E333-8FDC-42A3-9474-1A3956D46DE8}") = "Task5", "Task5", "{B6CD0909-492A-4E82-A09E-309C9C23073F}"
EndProject
Project("{FAE04EC0-301F-11D3-BF4B-00C04F79EFBC}") = "Tyuiu.LavrinovichED.Sprint4.Task5.V15", "Tyuiu.LavrinovichED.Sprint4.Task5.V15\Tyuiu.LavrinovichED.Sprint4.Task5.V15.csproj", "{4E735381-EA9E-447F-8FE9-DA4F0F996266}"
EndProject
Project("{FAE04EC0-301F-11D3-BF4B-00C04F79EFBC}") = "Tyuiu.LavrinovichED.Sprint4.Task5.V15.Lib", "Tyuiu.LavrinovichED.Sprint4.Task5.V15.Lib\Tyuiu.LavrinovichED.Sprint4.Task5.V15.Lib.csproj", "{FDA898C0-DFC1-4B67-9745-1073AB4392C3}"
EndProject
Project("{FAE04EC0-301F-11D3-BF4B-00C04F79EFBC}") = "Tyuiu.LavrinovichED.Sprint4.Task5.V15.Test", "Tyuiu.LavrinovichED.Sprint4.Task5.V15.Test\Tyuiu.LavrinovichED.Sprint4.Task5.V15.Test.csproj", "{E428DEF2-2E48-457A-80A8-CD65BD530456}"
EndProject
Global
	GlobalSection(SolutionConfigurationPlatforms) = preSolution
		Debug|Any CPU = Debug|Any CPU
		Release|Any CPU = Release|Any CPU
	EndGlobalSection
	GlobalSection(ProjectConfigurationPlatforms) = postSolution
		{D070DBAE-CB78-4B79-B18F-7721684DE407}.Debug|Any CPU.ActiveCfg = Debug|Any CPU
		{D070DBAE-CB78-4B79-B18F-7721684DE407}.Debug|Any CPU.Build.0 = Debug|Any CPU
		{D070DBAE-CB78-4B79-B18F-7721684DE407}.Release|Any CPU.ActiveCfg = Release|Any CPU
		{D070DBAE-CB78-4B79-B18F-7721684DE407}.Release|Any CPU.Build.0 = Release|Any CPU
		{919DCC92-4229-4569-87B0-949BCD1D6041}.Debug|Any CPU.ActiveCfg = Debug|Any CPU
		{919DCC92-4229-4569-87B0-949BCD1D6041}.Debug|Any CPU.Build.0 = Debug|Any CPU
		{919DCC92-4229-4569-87B0-949BCD1D6041}.Release|Any CPU.ActiveCfg = Release|Any CPU
		{919DCC92-4229-4569-87B0-949BCD1D6041}.Release|Any CPU.Build.0 = Release|Any CPU
		{DB283783-F538-4A24-8317-AAE70441946E}.Debug|Any CPU.ActiveCfg = Debug|Any CPU
		{DB283783-F538-4A24-8317-AAE70441946E}.Debug|Any CPU.Build.0 = Debug|Any CPU
		{DB283783-F538-4A24-8317-AAE70441946E}.Release|Any CPU.ActiveCfg = Release|Any CPU
		{DB283783-F538-4A24-8317-AAE70441946E}.Release|Any CPU.Build.0 = Release|Any CPU
		{B275831A-9D97-4999-B755-8B722BA90299}.Debug|Any CPU.ActiveCfg = Debug|Any CPU
		{B275831A-9D97-4999-B755-8B722BA90299}.Debug|Any CPU.Build.0 = Debug|Any CPU
		{B275831A-9D97-4999-B755-8B722BA90299}.Release|Any CPU.ActiveCfg = Release|Any CPU
		{B275831A-9D97-4999-B755-8B722BA90299}.Release|Any CPU.Build.0 = Release|Any CPU
		{7BF647DE-06A6-4297-AD43-65A2F7A9D367}.Debug|Any CPU.ActiveCfg = Debug|Any CPU
		{7BF647DE-06A6-4297-AD43-65A2F7A9D367}.Debug|Any CPU.Build.0 = Debug|Any CPU
		{7BF647DE-06A6-4297-AD43-65A2F7A9D367}.Release|Any CPU.ActiveCfg = Release|Any CPU
		{7BF647DE-06A6-4297-AD43-65A2F7A9D367}.Release|Any CPU.Build.0 = Release|Any CPU
		{147BEF23-7530-42FA-98C8-3E1D34345CAD}.Debug|Any CPU.ActiveCfg = Debug|Any CPU
		{147BEF23-7530-42FA-98C8-3E1D34345CAD}.Debug|Any CPU.Build.0 = Debug|Any CPU
		{147BEF23-7530-42FA-98C8-3E1D34345CAD}.Release|Any CPU.ActiveCfg = Release|Any CPU
		{147BEF23-7530-42FA-98C8-3E1D34345CAD}.Release|Any CPU.Build.0 = Release|Any CPU
		{00D58636-6713-4D3D-B0B9-CF3CAD2821AA}.Debug|Any CPU.ActiveCfg = Debug|Any CPU
		{00D58636-6713-4D3D-B0B9-CF3CAD2821AA}.Debug|Any CPU.Build.0 = Debug|Any CPU
		{00D58636-6713-4D3D-B0B9-CF3CAD2821AA}.Release|Any CPU.ActiveCfg = Release|Any CPU
		{00D58636-6713-4D3D-B0B9-CF3CAD2821AA}.Release|Any CPU.Build.0 = Release|Any CPU
		{39F9B270-B924-4CF2-8A21-882DBE8C12E4}.Debug|Any CPU.ActiveCfg = Debug|Any CPU
		{39F9B270-B924-4CF2-8A21-882DBE8C12E4}.Debug|Any CPU.Build.0 = Debug|Any CPU
		{39F9B270-B924-4CF2-8A21-882DBE8C12E4}.Release|Any CPU.ActiveCfg = Release|Any CPU
		{39F9B270-B924-4CF2-8A21-882DBE8C12E4}.Release|Any CPU.Build.0 = Release|Any CPU
		{7F2ADC6E-5CC7-4667-B9FD-EFC2EC3377A2}.Debug|Any CPU.ActiveCfg = Debug|Any CPU
		{7F2ADC6E-5CC7-4667-B9FD-EFC2EC3377A2}.Debug|Any CPU.Build.0 = Debug|Any CPU
		{7F2ADC6E-5CC7-4667-B9FD-EFC2EC3377A2}.Release|Any CPU.ActiveCfg = Release|Any CPU
		{7F2ADC6E-5CC7-4667-B9FD-EFC2EC3377A2}.Release|Any CPU.Build.0 = Release|Any CPU
		{05EC649E-3B4B-46AE-A1DA-B3D09F17EF09}.Debug|Any CPU.ActiveCfg = Debug|Any CPU
		{05EC649E-3B4B-46AE-A1DA-B3D09F17EF09}.Debug|Any CPU.Build.0 = Debug|Any CPU
		{05EC649E-3B4B-46AE-A1DA-B3D09F17EF09}.Release|Any CPU.ActiveCfg = Release|Any CPU
		{05EC649E-3B4B-46AE-A1DA-B3D09F17EF09}.Release|Any CPU.Build.0 = Release|Any CPU
		{2F975226-4E3F-44B6-BE0F-56E020E3445E}.Debug|Any CPU.ActiveCfg = Debug|Any CPU
		{2F975226-4E3F-44B6-BE0F-56E020E3445E}.Debug|Any CPU.Build.0 = Debug|Any CPU
		{2F975226-4E3F-44B6-BE0F-56E020E3445E}.Release|Any CPU.ActiveCfg = Release|Any CPU
		{2F975226-4E3F-44B6-BE0F-56E020E3445E}.Release|Any CPU.Build.0 = Release|Any CPU
		{9BC8BE64-F752-4522-A180-E9B11251B782}.Debug|Any CPU.ActiveCfg = Debug|Any CPU
		{9BC8BE64-F752-4522-A180-E9B11251B782}.Debug|Any CPU.Build.0 = Debug|Any CPU
		{9BC8BE64-F752-4522-A180-E9B11251B782}.Release|Any CPU.ActiveCfg = Release|Any CPU
		{9BC8BE64-F752-4522-A180-E9B11251B782}.Release|Any CPU.Build.0 = Release|Any CPU
		{26AB1A28-06D7-4DCE-AD24-DAC3A283FE55}.Debug|Any CPU.ActiveCfg = Debug|Any CPU
		{26AB1A28-06D7-4DCE-AD24-DAC3A283FE55}.Debug|Any CPU.Build.0 = Debug|Any CPU
		{26AB1A28-06D7-4DCE-AD24-DAC3A283FE55}.Release|Any CPU.ActiveCfg = Release|Any CPU
		{26AB1A28-06D7-4DCE-AD24-DAC3A283FE55}.Release|Any CPU.Build.0 = Release|Any CPU
		{E45A8B3B-A5B3-45B9-B66A-88FB4A3D72CB}.Debug|Any CPU.ActiveCfg = Debug|Any CPU
		{E45A8B3B-A5B3-45B9-B66A-88FB4A3D72CB}.Debug|Any CPU.Build.0 = Debug|Any CPU
		{E45A8B3B-A5B3-45B9-B66A-88FB4A3D72CB}.Release|Any CPU.ActiveCfg = Release|Any CPU
		{E45A8B3B-A5B3-45B9-B66A-88FB4A3D72CB}.Release|Any CPU.Build.0 = Release|Any CPU
		{FAE33750-7714-4C6B-9CCC-D685DF93F99B}.Debug|Any CPU.ActiveCfg = Debug|Any CPU
		{FAE33750-7714-4C6B-9CCC-D685DF93F99B}.Debug|Any CPU.Build.0 = Debug|Any CPU
		{FAE33750-7714-4C6B-9CCC-D685DF93F99B}.Release|Any CPU.ActiveCfg = Release|Any CPU
		{FAE33750-7714-4C6B-9CCC-D685DF93F99B}.Release|Any CPU.Build.0 = Release|Any CPU
		{4E735381-EA9E-447F-8FE9-DA4F0F996266}.Debug|Any CPU.ActiveCfg = Debug|Any CPU
		{4E735381-EA9E-447F-8FE9-DA4F0F996266}.Debug|Any CPU.Build.0 = Debug|Any CPU
		{4E735381-EA9E-447F-8FE9-DA4F0F996266}.Release|Any CPU.ActiveCfg = Release|Any CPU
		{4E735381-EA9E-447F-8FE9-DA4F0F996266}.Release|Any CPU.Build.0 = Release|Any CPU
		{FDA898C0-DFC1-4B67-9745-1073AB4392C3}.Debug|Any CPU.ActiveCfg = Debug|Any CPU
		{FDA898C0-DFC1-4B67-9745-1073AB4392C3}.Debug|Any CPU.Build.0 = Debug|Any CPU
		{FDA898C0-DFC1-4B67-9745-1073AB4392C3}.Release|Any CPU.ActiveCfg = Release|Any CPU
		{FDA898C0-DFC1-4B67-9745-1073AB4392C3}.Release|Any CPU.Build.0 = Release|Any CPU
		{E428DEF2-2E48-457A-80A8-CD65BD530456}.Debug|Any CPU.ActiveCfg = Debug|Any CPU
		{E428DEF2-2E48-457A-80A8-CD65BD530456}.Debug|Any CPU.Build.0 = Debug|Any CPU
		{E428DEF2-2E48-457A-80A8-CD65BD530456}.Release|Any CPU.ActiveCfg = Release|Any CPU
		{E428DEF2-2E48-457A-80A8-CD65BD530456}.Release|Any CPU.Build.0 = Release|Any CPU
	EndGlobalSection
	GlobalSection(SolutionProperties) = preSolution
		HideSolutionNode = FALSE
	EndGlobalSection
	GlobalSection(NestedProjects) = preSolution
		{D070DBAE-CB78-4B79-B18F-7721684DE407} = {B991DFE6-983E-4F84-B2C9-2FAC6C7CEB90}
		{919DCC92-4229-4569-87B0-949BCD1D6041} = {B991DFE6-983E-4F84-B2C9-2FAC6C7CEB90}
		{DB283783-F538-4A24-8317-AAE70441946E} = {B991DFE6-983E-4F84-B2C9-2FAC6C7CEB90}
		{B275831A-9D97-4999-B755-8B722BA90299} = {A143D8A0-2D1E-4359-9214-9FF50DAE654D}
		{7BF647DE-06A6-4297-AD43-65A2F7A9D367} = {A143D8A0-2D1E-4359-9214-9FF50DAE654D}
		{147BEF23-7530-42FA-98C8-3E1D34345CAD} = {A143D8A0-2D1E-4359-9214-9FF50DAE654D}
		{00D58636-6713-4D3D-B0B9-CF3CAD2821AA} = {98C1D1CC-1188-4FF6-9FC0-4E5F93CA69BD}
		{39F9B270-B924-4CF2-8A21-882DBE8C12E4} = {98C1D1CC-1188-4FF6-9FC0-4E5F93CA69BD}
		{7F2ADC6E-5CC7-4667-B9FD-EFC2EC3377A2} = {98C1D1CC-1188-4FF6-9FC0-4E5F93CA69BD}
		{05EC649E-3B4B-46AE-A1DA-B3D09F17EF09} = {F287D5EE-E2C0-4332-978A-9DC4C7A841AA}
		{2F975226-4E3F-44B6-BE0F-56E020E3445E} = {F287D5EE-E2C0-4332-978A-9DC4C7A841AA}
		{9BC8BE64-F752-4522-A180-E9B11251B782} = {F287D5EE-E2C0-4332-978A-9DC4C7A841AA}
		{26AB1A28-06D7-4DCE-AD24-DAC3A283FE55} = {F19C414F-D999-4D26-A3F5-6DC425877DCE}
		{E45A8B3B-A5B3-45B9-B66A-88FB4A3D72CB} = {F19C414F-D999-4D26-A3F5-6DC425877DCE}
		{FAE33750-7714-4C6B-9CCC-D685DF93F99B} = {F19C414F-D999-4D26-A3F5-6DC425877DCE}
		{4E735381-EA9E-447F-8FE9-DA4F0F996266} = {B6CD0909-492A-4E82-A09E-309C9C23073F}
		{FDA898C0-DFC1-4B67-9745-1073AB4392C3} = {B6CD0909-492A-4E82-A09E-309C9C23073F}
		{E428DEF2-2E48-457A-80A8-CD65BD530456} = {B6CD0909-492A-4E82-A09E-309C9C23073F}
	EndGlobalSection
	GlobalSection(ExtensibilityGlobals) = postSolution
		SolutionGuid = {ADCA0C7C-93B5-4D31-A526-25DA35EAE0B9}
	EndGlobalSection
EndGlobal
